
Microsoft Visual Studio Solution File, Format Version 12.00
# Visual Studio Version 17
VisualStudioVersion = 17.6.33723.286
MinimumVisualStudioVersion = 10.0.40219.1
Project("{8BC9CEB8-8B4A-11D0-8D11-00A0C91BC942}") = "CursachTetris", "CursachTetris\CursachTetris.vcxproj", "{FB01C12C-1BC8-41C2-928F-4794A15EABBE}"
EndProject
Global
	GlobalSection(SolutionConfigurationPlatforms) = preSolution
		Debug|x64 = Debug|x64
		Debug|x86 = Debug|x86
		Release|x64 = Release|x64
		Release|x86 = Release|x86
	EndGlobalSection
	GlobalSection(ProjectConfigurationPlatforms) = postSolution
		{FB01C12C-1BC8-41C2-928F-4794A15EABBE}.Debug|x64.ActiveCfg = Debug|x64
		{FB01C12C-1BC8-41C2-928F-4794A15EABBE}.Debug|x64.Build.0 = Debug|x64
		{FB01C12C-1BC8-41C2-928F-4794A15EABBE}.Debug|x86.ActiveCfg = Debug|Win32
		{FB01C12C-1BC8-41C2-928F-4794A15EABBE}.Debug|x86.Build.0 = Debug|Win32
		{FB01C12C-1BC8-41C2-928F-4794A15EABBE}.Release|x64.ActiveCfg = Release|x64
		{FB01C12C-1BC8-41C2-928F-4794A15EABBE}.Release|x64.Build.0 = Release|x64
		{FB01C12C-1BC8-41C2-928F-4794A15EABBE}.Release|x86.ActiveCfg = Release|Win32
		{FB01C12C-1BC8-41C2-928F-4794A15EABBE}.Release|x86.Build.0 = Release|Win32
	EndGlobalSection
	GlobalSection(SolutionProperties) = preSolution
		HideSolutionNode = FALSE
	EndGlobalSection
	GlobalSection(ExtensibilityGlobals) = postSolution
		SolutionGuid = {B54FCD05-AC37-464D-AFA9-A5F2CE359C00}
	EndGlobalSection
EndGlobal
